
Microsoft Visual Studio Solution File, Format Version 12.00
# Visual Studio Version 17
VisualStudioVersion = 17.2.32519.379
MinimumVisualStudioVersion = 10.0.40219.1
Project("{9A19103F-16F7-4668-BE54-9A1E7A4F7556}") = "CyclingAPI", "CyclingAPI.csproj", "{253ECF70-6751-453E-8757-6C071DD5AE55}"
EndProject
Project("{9A19103F-16F7-4668-BE54-9A1E7A4F7556}") = "CyclingAPILib", "..\CyclingAPILib\CyclingAPILib.csproj", "{4503B28C-CAFD-4F97-9694-FFA644D96150}"
EndProject
Project("{FAE04EC0-301F-11D3-BF4B-00C04F79EFBC}") = "MVCCyclist", "..\MVCCyclist\MVCCyclist.csproj", "{CDC15E9C-E85C-47A3-8168-65D35D732300}"
EndProject
Global
	GlobalSection(SolutionConfigurationPlatforms) = preSolution
		Debug|Any CPU = Debug|Any CPU
		Release|Any CPU = Release|Any CPU
	EndGlobalSection
	GlobalSection(ProjectConfigurationPlatforms) = postSolution
		{253ECF70-6751-453E-8757-6C071DD5AE55}.Debug|Any CPU.ActiveCfg = Debug|Any CPU
		{253ECF70-6751-453E-8757-6C071DD5AE55}.Debug|Any CPU.Build.0 = Debug|Any CPU
		{253ECF70-6751-453E-8757-6C071DD5AE55}.Release|Any CPU.ActiveCfg = Release|Any CPU
		{253ECF70-6751-453E-8757-6C071DD5AE55}.Release|Any CPU.Build.0 = Release|Any CPU
		{4503B28C-CAFD-4F97-9694-FFA644D96150}.Debug|Any CPU.ActiveCfg = Debug|Any CPU
		{4503B28C-CAFD-4F97-9694-FFA644D96150}.Debug|Any CPU.Build.0 = Debug|Any CPU
		{4503B28C-CAFD-4F97-9694-FFA644D96150}.Release|Any CPU.ActiveCfg = Release|Any CPU
		{4503B28C-CAFD-4F97-9694-FFA644D96150}.Release|Any CPU.Build.0 = Release|Any CPU
		{CDC15E9C-E85C-47A3-8168-65D35D732300}.Debug|Any CPU.ActiveCfg = Debug|Any CPU
		{CDC15E9C-E85C-47A3-8168-65D35D732300}.Debug|Any CPU.Build.0 = Debug|Any CPU
		{CDC15E9C-E85C-47A3-8168-65D35D732300}.Release|Any CPU.ActiveCfg = Release|Any CPU
		{CDC15E9C-E85C-47A3-8168-65D35D732300}.Release|Any CPU.Build.0 = Release|Any CPU
	EndGlobalSection
	GlobalSection(SolutionProperties) = preSolution
		HideSolutionNode = FALSE
	EndGlobalSection
	GlobalSection(ExtensibilityGlobals) = postSolution
		SolutionGuid = {11133D30-EF5D-4DFC-9DA2-88C74349BBA6}
	EndGlobalSection
EndGlobal
